
Microsoft Visual Studio Solution File, Format Version 12.00
# Visual Studio Version 16
VisualStudioVersion = 16.0.31005.135
MinimumVisualStudioVersion = 10.0.40219.1
Project("{FAE04EC0-301F-11D3-BF4B-00C04F79EFBC}") = "Jedi mind tricks OPG", "Jedi mind tricks OPG\Jedi mind tricks OPG.csproj", "{3126DCD8-EC43-4E93-9F21-28DB5A2A0569}"
EndProject
Global
	GlobalSection(SolutionConfigurationPlatforms) = preSolution
		Debug|Any CPU = Debug|Any CPU
		Release|Any CPU = Release|Any CPU
	EndGlobalSection
	GlobalSection(ProjectConfigurationPlatforms) = postSolution
		{3126DCD8-EC43-4E93-9F21-28DB5A2A0569}.Debug|Any CPU.ActiveCfg = Debug|Any CPU
		{3126DCD8-EC43-4E93-9F21-28DB5A2A0569}.Debug|Any CPU.Build.0 = Debug|Any CPU
		{3126DCD8-EC43-4E93-9F21-28DB5A2A0569}.Release|Any CPU.ActiveCfg = Release|Any CPU
		{3126DCD8-EC43-4E93-9F21-28DB5A2A0569}.Release|Any CPU.Build.0 = Release|Any CPU
	EndGlobalSection
	GlobalSection(SolutionProperties) = preSolution
		HideSolutionNode = FALSE
	EndGlobalSection
	GlobalSection(ExtensibilityGlobals) = postSolution
		SolutionGuid = {770938A3-3AFB-48FE-8DFB-E7F18D4E256C}
	EndGlobalSection
EndGlobal
